<?xml version="1.0" encoding="utf-8"?>
<Project ToolsVersion="4.0" xmlns="http://schemas.microsoft.com/developer/msbuild/2003">
  <ItemGroup>
    <Filter Include="Source Files">
      <UniqueIdentifier>{4FC737F1-C7A5-4376-A066-2A32D752A2FF}</UniqueIdentifier>
      <Extensions>cpp;c;cc;cxx;def;odl;idl;hpj;bat;asm;asmx</Extensions>
    </Filter>
    <Filter Include="Header Files">
      <UniqueIdentifier>{93995380-89BD-4b04-88EB-625FBE52EBFB}</UniqueIdentifier>
      <Extensions>h;hpp;hxx;hm;inl;inc;xsd</Extensions>
    </Filter>
    <Filter Include="Resource Files">
      <UniqueIdentifier>{67DA6AB6-F800-4c08-8B7A-83BB121AAD01}</UniqueIdentifier>
      <Extensions>rc;ico;cur;bmp;dlg;rc2;rct;bin;rgs;gif;jpg;jpeg;jpe;resx;tiff;tif;png;wav;mfcribbon-ms</Extensions>
    </Filter>
  </ItemGroup>
  <ItemGroup>
    <ClCompile Include="Main.cpp">
      <Filter>Source Files</Filter>
    </ClCompile>
    <ClCompile Include="WiimoteBindings.cpp">
      <Filter>Source Files</Filter>
    </ClCompile>
    <ClCompile Include="PhoenixEngine\Core\ImageManager.cpp">
      <Filter>Source Files</Filter>
    </ClCompile>
    <ClCompile Include="PhoenixEngine\Core\PhoenixEngine.cpp">
      <Filter>Source Files</Filter>
    </ClCompile>
    <ClCompile Include="StateTest.cpp">
      <Filter>Source Files</Filter>
    </ClCompile>
    <ClCompile Include="wiiyourself\wiimote.cpp">
      <Filter>Source Files</Filter>
    </ClCompile>
    <ClCompile Include="LevelOne.cpp">
      <Filter>Source Files</Filter>
    </ClCompile>
    <ClCompile Include="Player.cpp">
      <Filter>Source Files</Filter>
    </ClCompile>
    <ClCompile Include="Background.cpp">
      <Filter>Source Files</Filter>
    </ClCompile>
    <ClCompile Include="Obstacle.cpp">
      <Filter>Source Files</Filter>
    </ClCompile>
    <ClCompile Include="SoundController.cpp">
      <Filter>Source Files</Filter>
    </ClCompile>
    <ClCompile Include="StateLoading.cpp">
      <Filter>Source Files</Filter>
    </ClCompile>
    <ClCompile Include="StateMenu.cpp">
      <Filter>Source Files</Filter>
    </ClCompile>
    <ClCompile Include="Beat.cpp">
      <Filter>Source Files</Filter>
    </ClCompile>
    <ClCompile Include="Paralax.cpp">
      <Filter>Source Files</Filter>
    </ClCompile>
    <ClCompile Include="Enemies.cpp">
      <Filter>Source Files</Filter>
    </ClCompile>
    <ClCompile Include="LevelTest.cpp">
      <Filter>Source Files</Filter>
    </ClCompile>
  </ItemGroup>
  <ItemGroup>
    <ClInclude Include="WiimoteBindings.h">
      <Filter>Header Files</Filter>
    </ClInclude>
    <ClInclude Include="PhoenixEngine\Core\GameState.h">
      <Filter>Header Files</Filter>
    </ClInclude>
    <ClInclude Include="PhoenixEngine\Core\Utility.h">
      <Filter>Header Files</Filter>
    </ClInclude>
    <ClInclude Include="PhoenixEngine\Core\ImageManager.h">
      <Filter>Header Files</Filter>
    </ClInclude>
    <ClInclude Include="PhoenixEngine\Core\Object.h">
      <Filter>Header Files</Filter>
    </ClInclude>
    <ClInclude Include="PhoenixEngine\Core\PhoenixEngine.h">
      <Filter>Header Files</Filter>
    </ClInclude>
    <ClInclude Include="StateTest.h">
      <Filter>Header Files</Filter>
    </ClInclude>
    <ClInclude Include="wiiyourself\wiimote_state.h">
      <Filter>Header Files</Filter>
    </ClInclude>
    <ClInclude Include="wiiyourself\wiimote.h">
      <Filter>Header Files</Filter>
    </ClInclude>
    <ClInclude Include="wiiyourself\wiimote_common.h">
      <Filter>Header Files</Filter>
    </ClInclude>
    <ClInclude Include="LevelOne.h">
      <Filter>Header Files</Filter>
    </ClInclude>
    <ClInclude Include="GameObject.h">
      <Filter>Header Files</Filter>
    </ClInclude>
    <ClInclude Include="Player.h">
      <Filter>Header Files</Filter>
    </ClInclude>
    <ClInclude Include="Background.h">
      <Filter>Header Files</Filter>
    </ClInclude>
    <ClInclude Include="Collision.h">
      <Filter>Header Files</Filter>
    </ClInclude>
    <ClInclude Include="Obstacle.h">
      <Filter>Header Files</Filter>
    </ClInclude>
    <ClInclude Include="AnimManager.h">
      <Filter>Header Files</Filter>
    </ClInclude>
    <ClInclude Include="SoundController.h">
      <Filter>Header Files</Filter>
    </ClInclude>
    <ClInclude Include="StateLoading.h">
      <Filter>Header Files</Filter>
    </ClInclude>
    <ClInclude Include="StateMenu.h">
      <Filter>Header Files</Filter>
    </ClInclude>
    <ClInclude Include="Beat.h">
      <Filter>Header Files</Filter>
    </ClInclude>
    <ClInclude Include="Paralax.h">
      <Filter>Header Files</Filter>
    </ClInclude>
    <ClInclude Include="Enemies.h">
      <Filter>Header Files</Filter>
    </ClInclude>
    <ClInclude Include="LevelTest.h">
      <Filter>Header Files</Filter>
    </ClInclude>
  </ItemGroup>
</Project>